
Microsoft Visual Studio Solution File, Format Version 12.00
# Visual Studio Version 16
VisualStudioVersion = 16.0.30204.135
MinimumVisualStudioVersion = 10.0.40219.1
Project("{FAE04EC0-301F-11D3-BF4B-00C04F79EFBC}") = "Samolot", "Samolot\Samolot.csproj", "{A1AE5E90-FAE7-422D-BB81-5B88B6C3CD4A}"
EndProject
Global
	GlobalSection(SolutionConfigurationPlatforms) = preSolution
		Debug|Any CPU = Debug|Any CPU
		Release|Any CPU = Release|Any CPU
	EndGlobalSection
	GlobalSection(ProjectConfigurationPlatforms) = postSolution
		{A1AE5E90-FAE7-422D-BB81-5B88B6C3CD4A}.Debug|Any CPU.ActiveCfg = Debug|Any CPU
		{A1AE5E90-FAE7-422D-BB81-5B88B6C3CD4A}.Debug|Any CPU.Build.0 = Debug|Any CPU
		{A1AE5E90-FAE7-422D-BB81-5B88B6C3CD4A}.Release|Any CPU.ActiveCfg = Release|Any CPU
		{A1AE5E90-FAE7-422D-BB81-5B88B6C3CD4A}.Release|Any CPU.Build.0 = Release|Any CPU
	EndGlobalSection
	GlobalSection(SolutionProperties) = preSolution
		HideSolutionNode = FALSE
	EndGlobalSection
	GlobalSection(ExtensibilityGlobals) = postSolution
		SolutionGuid = {25403964-3EC5-4E3D-BCCC-A2EE3F87950E}
	EndGlobalSection
EndGlobal
